
Microsoft Visual Studio Solution File, Format Version 12.00
# Visual Studio 14
VisualStudioVersion = 14.0.23107.0
MinimumVisualStudioVersion = 10.0.40219.1
Project("{FAE04EC0-301F-11D3-BF4B-00C04F79EFBC}") = "Framework", "Framework\Framework.csproj", "{A2A516CB-CF16-46D4-8836-8028F3BECA73}"
EndProject
Project("{FAE04EC0-301F-11D3-BF4B-00C04F79EFBC}") = "Plugin1", "Plugin1\Plugin1.csproj", "{D679FA51-E555-4D81-A06C-FF7C3325533B}"
EndProject
Project("{FAE04EC0-301F-11D3-BF4B-00C04F79EFBC}") = "Plugin2", "Plugin2\Plugin2.csproj", "{E08E3615-FCE2-44DE-B5C8-8EB8CFB43B09}"
EndProject
Project("{FAE04EC0-301F-11D3-BF4B-00C04F79EFBC}") = "Application", "Application\Application.csproj", "{2592DEB1-AAF8-4835-80ED-3976F06C31A7}"
EndProject
Global
	GlobalSection(SolutionConfigurationPlatforms) = preSolution
		Debug|Any CPU = Debug|Any CPU
		Release|Any CPU = Release|Any CPU
	EndGlobalSection
	GlobalSection(ProjectConfigurationPlatforms) = postSolution
		{A2A516CB-CF16-46D4-8836-8028F3BECA73}.Debug|Any CPU.ActiveCfg = Debug|Any CPU
		{A2A516CB-CF16-46D4-8836-8028F3BECA73}.Debug|Any CPU.Build.0 = Debug|Any CPU
		{A2A516CB-CF16-46D4-8836-8028F3BECA73}.Release|Any CPU.ActiveCfg = Release|Any CPU
		{A2A516CB-CF16-46D4-8836-8028F3BECA73}.Release|Any CPU.Build.0 = Release|Any CPU
		{D679FA51-E555-4D81-A06C-FF7C3325533B}.Debug|Any CPU.ActiveCfg = Debug|Any CPU
		{D679FA51-E555-4D81-A06C-FF7C3325533B}.Debug|Any CPU.Build.0 = Debug|Any CPU
		{D679FA51-E555-4D81-A06C-FF7C3325533B}.Release|Any CPU.ActiveCfg = Release|Any CPU
		{D679FA51-E555-4D81-A06C-FF7C3325533B}.Release|Any CPU.Build.0 = Release|Any CPU
		{E08E3615-FCE2-44DE-B5C8-8EB8CFB43B09}.Debug|Any CPU.ActiveCfg = Debug|Any CPU
		{E08E3615-FCE2-44DE-B5C8-8EB8CFB43B09}.Debug|Any CPU.Build.0 = Debug|Any CPU
		{E08E3615-FCE2-44DE-B5C8-8EB8CFB43B09}.Release|Any CPU.ActiveCfg = Release|Any CPU
		{E08E3615-FCE2-44DE-B5C8-8EB8CFB43B09}.Release|Any CPU.Build.0 = Release|Any CPU
		{2592DEB1-AAF8-4835-80ED-3976F06C31A7}.Debug|Any CPU.ActiveCfg = Debug|Any CPU
		{2592DEB1-AAF8-4835-80ED-3976F06C31A7}.Debug|Any CPU.Build.0 = Debug|Any CPU
		{2592DEB1-AAF8-4835-80ED-3976F06C31A7}.Release|Any CPU.ActiveCfg = Release|Any CPU
		{2592DEB1-AAF8-4835-80ED-3976F06C31A7}.Release|Any CPU.Build.0 = Release|Any CPU
	EndGlobalSection
	GlobalSection(SolutionProperties) = preSolution
		HideSolutionNode = FALSE
	EndGlobalSection
EndGlobal
